
Microsoft Visual Studio Solution File, Format Version 12.00
# Visual Studio 15
VisualStudioVersion = 15.0.28307.168
MinimumVisualStudioVersion = 10.0.40219.1
Project("{8BC9CEB8-8B4A-11D0-8D11-00A0C91BC942}") = "PastDSEDriver", "PastDSEDriver\PastDSEDriver.vcxproj", "{3B50D1AD-DF51-4459-9BDE-E04202A2EFAE}"
EndProject
Project("{8BC9CEB8-8B4A-11D0-8D11-00A0C91BC942}") = "PastDSECtrl", "PastDSECtrl\PastDSECtrl.vcxproj", "{03D1195B-3152-4DD3-8CB1-F0939DB8086A}"
EndProject
Project("{2150E333-8FDC-42A3-9474-1A3956D46DE8}") = "Solution Items", "Solution Items", "{0A9168C8-BEF5-4D49-9418-BD83423885E5}"
	ProjectSection(SolutionItems) = preProject
		README.md = README.md
	EndProjectSection
EndProject
Global
	GlobalSection(SolutionConfigurationPlatforms) = preSolution
		Debug|Win10-x64 = Debug|Win10-x64
		Release|Win10-x64 = Release|Win10-x64
	EndGlobalSection
	GlobalSection(ProjectConfigurationPlatforms) = postSolution
		{3B50D1AD-DF51-4459-9BDE-E04202A2EFAE}.Debug|Win10-x64.ActiveCfg = Debug|x64
		{3B50D1AD-DF51-4459-9BDE-E04202A2EFAE}.Debug|Win10-x64.Build.0 = Debug|x64
		{3B50D1AD-DF51-4459-9BDE-E04202A2EFAE}.Debug|Win10-x64.Deploy.0 = Debug|x64
		{3B50D1AD-DF51-4459-9BDE-E04202A2EFAE}.Release|Win10-x64.ActiveCfg = Release|x64
		{3B50D1AD-DF51-4459-9BDE-E04202A2EFAE}.Release|Win10-x64.Build.0 = Release|x64
		{3B50D1AD-DF51-4459-9BDE-E04202A2EFAE}.Release|Win10-x64.Deploy.0 = Release|x64
		{03D1195B-3152-4DD3-8CB1-F0939DB8086A}.Debug|Win10-x64.ActiveCfg = Debug|x64
		{03D1195B-3152-4DD3-8CB1-F0939DB8086A}.Debug|Win10-x64.Build.0 = Debug|x64
		{03D1195B-3152-4DD3-8CB1-F0939DB8086A}.Release|Win10-x64.ActiveCfg = Release|x64
		{03D1195B-3152-4DD3-8CB1-F0939DB8086A}.Release|Win10-x64.Build.0 = Release|x64
	EndGlobalSection
	GlobalSection(SolutionProperties) = preSolution
		HideSolutionNode = FALSE
	EndGlobalSection
	GlobalSection(ExtensibilityGlobals) = postSolution
		SolutionGuid = {89A750D2-747F-45A0-9080-0142DA38524A}
	EndGlobalSection
EndGlobal
